// !$*UTF8*$!
{
	archiveVersion = 1;
	classes = {
	};
	objectVersion = 46;
	objects = {

/* Begin PBXBuildFile section */
		64B4BF9B1B2568CE008042A6 /* main.m in Sources */ = {isa = PBXBuildFile; fileRef = 64B4BF9A1B2568CE008042A6 /* main.m */; };
		64B4BF9E1B2568CE008042A6 /* AppDelegate.m in Sources */ = {isa = PBXBuildFile; fileRef = 64B4BF9D1B2568CE008042A6 /* AppDelegate.m */; };
		64B4BFA11B2568CE008042A6 /* ViewController.m in Sources */ = {isa = PBXBuildFile; fileRef = 64B4BFA01B2568CE008042A6 /* ViewController.m */; };
		64B4BFA41B2568CE008042A6 /* Main.storyboard in Resources */ = {isa = PBXBuildFile; fileRef = 64B4BFA21B2568CE008042A6 /* Main.storyboard */; };
		64B4BFA61B2568CE008042A6 /* Images.xcassets in Resources */ = {isa = PBXBuildFile; fileRef = 64B4BFA51B2568CE008042A6 /* Images.xcassets */; };
		64B4BFA91B2568CE008042A6 /* LaunchScreen.xib in Resources */ = {isa = PBXBuildFile; fileRef = 64B4BFA71B2568CE008042A6 /* LaunchScreen.xib */; };
		64B4BFB51B2568CE008042A6 /* WebviewDEMOTests.m in Sources */ = {isa = PBXBuildFile; fileRef = 64B4BFB41B2568CE008042A6 /* WebviewDEMOTests.m */; };
/* End PBXBuildFile section */

/* Begin PBXContainerItemProxy section */
		64B4BFAF1B2568CE008042A6 /* PBXContainerItemProxy */ = {
			isa = PBXContainerItemProxy;
			containerPortal = 64B4BF8D1B2568CD008042A6 /* Project object */;
			proxyType = 1;
			remoteGlobalIDString = 64B4BF941B2568CE008042A6;
			remoteInfo = WebviewDEMO;
		};
/* End PBXContainerItemProxy section */

/* Begin PBXFileReference section */
		64B4BF951B2568CE008042A6 /* WebviewDEMO.app */ = {isa = PBXFileReference; explicitFileType = wrapper.application; includeInIndex = 0; path = WebviewDEMO.app; sourceTree = BUILT_PRODUCTS_DIR; };
		64B4BF991B2568CE008042A6 /* Info.plist */ = {isa = PBXFileReference; lastKnownFileType = text.plist.xml; path = Info.plist; sourceTree = "<group>"; };
		64B4BF9A1B2568CE008042A6 /* main.m */ = {isa = PBXFileReference; lastKnownFileType = sourcecode.c.objc; path = main.m; sourceTree = "<group>"; };
		64B4BF9C1B2568CE008042A6 /* AppDelegate.h */ = {isa = PBXFileReference; lastKnownFileType = sourcecode.c.h; path = AppDelegate.h; sourceTree = "<group>"; };
		64B4BF9D1B2568CE008042A6 /* AppDelegate.m */ = {isa = PBXFileReference; lastKnownFileType = sourcecode.c.objc; path = AppDelegate.m; sourceTree = "<group>"; };
		64B4BF9F1B2568CE008042A6 /* ViewController.h */ = {isa = PBXFileReference; lastKnownFileType = sourcecode.c.h; path = ViewController.h; sourceTree = "<group>"; };
		64B4BFA01B2568CE008042A6 /* ViewController.m */ = {isa = PBXFileReference; lastKnownFileType = sourcecode.c.objc; path = ViewController.m; sourceTree = "<group>"; };
		64B4BFA31B2568CE008042A6 /* Base */ = {isa = PBXFileReference; lastKnownFileType = file.storyboard; name = Base; path = Base.lproj/Main.storyboard; sourceTree = "<group>"; };
		64B4BFA51B2568CE008042A6 /* Images.xcassets */ = {isa = PBXFileReference; lastKnownFileType = folder.assetcatalog; path = Images.xcassets; sourceTree = "<group>"; };
		64B4BFA81B2568CE008042A6 /* Base */ = {isa = PBXFileReference; lastKnownFileType = file.xib; name = Base; path = Base.lproj/LaunchScreen.xib; sourceTree = "<group>"; };
		64B4BFAE1B2568CE008042A6 /* WebviewDEMOTests.xctest */ = {isa = PBXFileReference; explicitFileType = wrapper.cfbundle; includeInIndex = 0; path = WebviewDEMOTests.xctest; sourceTree = BUILT_PRODUCTS_DIR; };
		64B4BFB31B2568CE008042A6 /* Info.plist */ = {isa = PBXFileReference; lastKnownFileType = text.plist.xml; path = Info.plist; sourceTree = "<group>"; };
		64B4BFB41B2568CE008042A6 /* WebviewDEMOTests.m */ = {isa = PBXFileReference; lastKnownFileType = sourcecode.c.objc; path = WebviewDEMOTests.m; sourceTree = "<group>"; };
/* End PBXFileReference section */

/* Begin PBXFrameworksBuildPhase section */
		64B4BF921B2568CE008042A6 /* Frameworks */ = {
			isa = PBXFrameworksBuildPhase;
			buildActionMask = 2147483647;
			files = (
			);
			runOnlyForDeploymentPostprocessing = 0;
		};
		64B4BFAB1B2568CE008042A6 /* Frameworks */ = {
			isa = PBXFrameworksBuildPhase;
			buildActionMask = 2147483647;
			files = (
			);
			runOnlyForDeploymentPostprocessing = 0;
		};
/* End PBXFrameworksBuildPhase section */

/* Begin PBXGroup section */
		64B4BF8C1B2568CD008042A6 = {
			isa = PBXGroup;
			children = (
				64B4BF971B2568CE008042A6 /* WebviewDEMO */,
				64B4BFB11B2568CE008042A6 /* WebviewDEMOTests */,
				64B4BF961B2568CE008042A6 /* Products */,
			);
			sourceTree = "<group>";
		};
		64B4BF961B2568CE008042A6 /* Products */ = {
			isa = PBXGroup;
			children = (
				64B4BF951B2568CE008042A6 /* WebviewDEMO.app */,
				64B4BFAE1B2568CE008042A6 /* WebviewDEMOTests.xctest */,
			);
			name = Products;
			sourceTree = "<group>";
		};
		64B4BF971B2568CE008042A6 /* WebviewDEMO */ = {
			isa = PBXGroup;
			children = (
				64B4BF9C1B2568CE008042A6 /* AppDelegate.h */,
				64B4BF9D1B2568CE008042A6 /* AppDelegate.m */,
				64B4BF9F1B2568CE008042A6 /* ViewController.h */,
				64B4BFA01B2568CE008042A6 /* ViewController.m */,
				64B4BFA21B2568CE008042A6 /* Main.storyboard */,
				64B4BFA51B2568CE008042A6 /* Images.xcassets */,
				64B4BFA71B2568CE008042A6 /* LaunchScreen.xib */,
				64B4BF981B2568CE008042A6 /* Supporting Files */,
			);
			path = WebviewDEMO;
			sourceTree = "<group>";
		};
		64B4BF981B2568CE008042A6 /* Supporting Files */ = {
			isa = PBXGroup;
			children = (
				64B4BF991B2568CE008042A6 /* Info.plist */,
				64B4BF9A1B2568CE008042A6 /* main.m */,
			);
			name = "Supporting Files";
			sourceTree = "<group>";
		};
		64B4BFB11B2568CE008042A6 /* WebviewDEMOTests */ = {
			isa = PBXGroup;
			children = (
				64B4BFB41B2568CE008042A6 /* WebviewDEMOTests.m */,
				64B4BFB21B2568CE008042A6 /* Supporting Files */,
			);
			path = WebviewDEMOTests;
			sourceTree = "<group>";
		};
		64B4BFB21B2568CE008042A6 /* Supporting Files */ = {
			isa = PBXGroup;
			children = (
				64B4BFB31B2568CE008042A6 /* Info.plist */,
			);
			name = "Supporting Files";
			sourceTree = "<group>";
		};
/* End PBXGroup section */

/* Begin PBXNativeTarget section */
		64B4BF941B2568CE008042A6 /* WebviewDEMO */ = {
			isa = PBXNativeTarget;
			buildConfigurationList = 64B4BFB81B2568CE008042A6 /* Build configuration list for PBXNativeTarget "WebviewDEMO" */;
			buildPhases = (
				64B4BF911B2568CE008042A6 /* Sources */,
				64B4BF921B2568CE008042A6 /* Frameworks */,
				64B4BF931B2568CE008042A6 /* Resources */,
			);
			buildRules = (
			);
			dependencies = (
			);
			name = WebviewDEMO;
			productName = WebviewDEMO;
			productReference = 64B4BF951B2568CE008042A6 /* WebviewDEMO.app */;
			productType = "com.apple.product-type.application";
		};
		64B4BFAD1B2568CE008042A6 /* WebviewDEMOTests */ = {
			isa = PBXNativeTarget;
			buildConfigurationList = 64B4BFBB1B2568CE008042A6 /* Build configuration list for PBXNativeTarget "WebviewDEMOTests" */;
			buildPhases = (
				64B4BFAA1B2568CE008042A6 /* Sources */,
				64B4BFAB1B2568CE008042A6 /* Frameworks */,
				64B4BFAC1B2568CE008042A6 /* Resources */,
			);
			buildRules = (
			);
			dependencies = (
				64B4BFB01B2568CE008042A6 /* PBXTargetDependency */,
			);
			name = WebviewDEMOTests;
			productName = WebviewDEMOTests;
			productReference = 64B4BFAE1B2568CE008042A6 /* WebviewDEMOTests.xctest */;
			productType = "com.apple.product-type.bundle.unit-test";
		};
/* End PBXNativeTarget section */

/* Begin PBXProject section */
		64B4BF8D1B2568CD008042A6 /* Project object */ = {
			isa = PBXProject;
			attributes = {
				LastUpgradeCheck = 0630;
				ORGANIZATIONNAME = shen;
				TargetAttributes = {
					64B4BF941B2568CE008042A6 = {
						CreatedOnToolsVersion = 6.3.2;
					};
					64B4BFAD1B2568CE008042A6 = {
						CreatedOnToolsVersion = 6.3.2;
						TestTargetID = 64B4BF941B2568CE008042A6;
					};
				};
			};
			buildConfigurationList = 64B4BF901B2568CD008042A6 /* Build configuration list for PBXProject "WebviewDEMO" */;
			compatibilityVersion = "Xcode 3.2";
			developmentRegion = English;
			hasScannedForEncodings = 0;
			knownRegions = (
				en,
				Base,
			);
			mainGroup = 64B4BF8C1B2568CD008042A6;
			productRefGroup = 64B4BF961B2568CE008042A6 /* Products */;
			projectDirPath = "";
			projectRoot = "";
			targets = (
				64B4BF941B2568CE008042A6 /* WebviewDEMO */,
				64B4BFAD1B2568CE008042A6 /* WebviewDEMOTests */,
			);
		};
/* End PBXProject section */

/* Begin PBXResourcesBuildPhase section */
		64B4BF931B2568CE008042A6 /* Resources */ = {
			isa = PBXResourcesBuildPhase;
			buildActionMask = 2147483647;
			files = (
				64B4BFA41B2568CE008042A6 /* Main.storyboard in Resources */,
				64B4BFA91B2568CE008042A6 /* LaunchScreen.xib in Resources */,
				64B4BFA61B2568CE008042A6 /* Images.xcassets in Resources */,
			);
			runOnlyForDeploymentPostprocessing = 0;
		};
		64B4BFAC1B2568CE008042A6 /* Resources */ = {
			isa = PBXResourcesBuildPhase;
			buildActionMask = 2147483647;
			files = (
			);
			runOnlyForDeploymentPostprocessing = 0;
		};
/* End PBXResourcesBuildPhase section */

/* Begin PBXSourcesBuildPhase section */
		64B4BF911B2568CE008042A6 /* Sources */ = {
			isa = PBXSourcesBuildPhase;
			buildActionMask = 2147483647;
			files = (
				64B4BFA11B2568CE008042A6 /* ViewController.m in Sources */,
				64B4BF9E1B2568CE008042A6 /* AppDelegate.m in Sources */,
				64B4BF9B1B2568CE008042A6 /* main.m in Sources */,
			);
			runOnlyForDeploymentPostprocessing = 0;
		};
		64B4BFAA1B2568CE008042A6 /* Sources */ = {
			isa = PBXSourcesBuildPhase;
			buildActionMask = 2147483647;
			files = (
				64B4BFB51B2568CE008042A6 /* WebviewDEMOTests.m in Sources */,
			);
			runOnlyForDeploymentPostprocessing = 0;
		};
/* End PBXSourcesBuildPhase section */

/* Begin PBXTargetDependency section */
		64B4BFB01B2568CE008042A6 /* PBXTargetDependency */ = {
			isa = PBXTargetDependency;
			target = 64B4BF941B2568CE008042A6 /* WebviewDEMO */;
			targetProxy = 64B4BFAF1B2568CE008042A6 /* PBXContainerItemProxy */;
		};
/* End PBXTargetDependency section */

/* Begin PBXVariantGroup section */
		64B4BFA21B2568CE008042A6 /* Main.storyboard */ = {
			isa = PBXVariantGroup;
			children = (
				64B4BFA31B2568CE008042A6 /* Base */,
			);
			name = Main.storyboard;
			sourceTree = "<group>";
		};
		64B4BFA71B2568CE008042A6 /* LaunchScreen.xib */ = {
			isa = PBXVariantGroup;
			children = (
				64B4BFA81B2568CE008042A6 /* Base */,
			);
			name = LaunchScreen.xib;
			sourceTree = "<group>";
		};
/* End PBXVariantGroup section */

/* Begin XCBuildConfiguration section */
		64B4BFB61B2568CE008042A6 /* Debug */ = {
			isa = XCBuildConfiguration;
			buildSettings = {
				ALWAYS_SEARCH_USER_PATHS = NO;
				CLANG_CXX_LANGUAGE_STANDARD = "gnu++0x";
				CLANG_CXX_LIBRARY = "libc++";
				CLANG_ENABLE_MODULES = YES;
				CLANG_ENABLE_OBJC_ARC = YES;
				CLANG_WARN_BOOL_CONVERSION = YES;
				CLANG_WARN_CONSTANT_CONVERSION = YES;
				CLANG_WARN_DIRECT_OBJC_ISA_USAGE = YES_ERROR;
				CLANG_WARN_EMPTY_BODY = YES;
				CLANG_WARN_ENUM_CONVERSION = YES;
				CLANG_WARN_INT_CONVERSION = YES;
				CLANG_WARN_OBJC_ROOT_CLASS = YES_ERROR;
				CLANG_WARN_UNREACHABLE_CODE = YES;
				CLANG_WARN__DUPLICATE_METHOD_MATCH = YES;
				"CODE_SIGN_IDENTITY[sdk=iphoneos*]" = "iPhone Developer";
				COPY_PHASE_STRIP = NO;
				DEBUG_INFORMATION_FORMAT = "dwarf-with-dsym";
				ENABLE_STRICT_OBJC_MSGSEND = YES;
				GCC_C_LANGUAGE_STANDARD = gnu99;
				GCC_DYNAMIC_NO_PIC = NO;
				GCC_NO_COMMON_BLOCKS = YES;
				GCC_OPTIMIZATION_LEVEL = 0;
				GCC_PREPROCESSOR_DEFINITIONS = (
					"DEBUG=1",
					"$(inherited)",
				);
				GCC_SYMBOLS_PRIVATE_EXTERN = NO;
				GCC_WARN_64_TO_32_BIT_CONVERSION = YES;
				GCC_WARN_ABOUT_RETURN_TYPE = YES_ERROR;
				GCC_WARN_UNDECLARED_SELECTOR = YES;
				GCC_WARN_UNINITIALIZED_AUTOS = YES_AGGRESSIVE;
				GCC_WARN_UNUSED_FUNCTION = YES;
				GCC_WARN_UNUSED_VARIABLE = YES;
				IPHONEOS_DEPLOYMENT_TARGET = 8.3;
				MTL_ENABLE_DEBUG_INFO = YES;
				ONLY_ACTIVE_ARCH = YES;
				SDKROOT = iphoneos;
				TARGETED_DEVICE_FAMILY = "1,2";
			};
			name = Debug;
		};
		64B4BFB71B2568CE008042A6 /* Release */ = {
			isa = XCBuildConfiguration;
			buildSettings = {
				ALWAYS_SEARCH_USER_PATHS = NO;
				CLANG_CXX_LANGUAGE_STANDARD = "gnu++0x";
				CLANG_CXX_LIBRARY = "libc++";
				CLANG_ENABLE_MODULES = YES;
				CLANG_ENABLE_OBJC_ARC = YES;
				CLANG_WARN_BOOL_CONVERSION = YES;
				CLANG_WARN_CONSTANT_CONVERSION = YES;
				CLANG_WARN_DIRECT_OBJC_ISA_USAGE = YES_ERROR;
				CLANG_WARN_EMPTY_BODY = YES;
				CLANG_WARN_ENUM_CONVERSION = YES;
				CLANG_WARN_INT_CONVERSION = YES;
				CLANG_WARN_OBJC_ROOT_CLASS = YES_ERROR;
				CLANG_WARN_UNREACHABLE_CODE = YES;
				CLANG_WARN__DUPLICATE_METHOD_MATCH = YES;
				"CODE_SIGN_IDENTITY[sdk=iphoneos*]" = "iPhone Developer";
				COPY_PHASE_STRIP = NO;
				DEBUG_INFORMATION_FORMAT = "dwarf-with-dsym";
				ENABLE_NS_ASSERTIONS = NO;
				ENABLE_STRICT_OBJC_MSGSEND = YES;
				GCC_C_LANGUAGE_STANDARD = gnu99;
				GCC_NO_COMMON_BLOCKS = YES;
				GCC_WARN_64_TO_32_BIT_CONVERSION = YES;
				GCC_WARN_ABOUT_RETURN_TYPE = YES_ERROR;
				GCC_WARN_UNDECLARED_SELECTOR = YES;
				GCC_WARN_UNINITIALIZED_AUTOS = YES_AGGRESSIVE;
				GCC_WARN_UNUSED_FUNCTION = YES;
				GCC_WARN_UNUSED_VARIABLE = YES;
				IPHONEOS_DEPLOYMENT_TARGET = 8.3;
				MTL_ENABLE_DEBUG_INFO = NO;
				SDKROOT = iphoneos;
				TARGETED_DEVICE_FAMILY = "1,2";
				VALIDATE_PRODUCT = YES;
			};
			name = Release;
		};
		64B4BFB91B2568CE008042A6 /* Debug */ = {
			isa = XCBuildConfiguration;
			buildSettings = {
				ASSETCATALOG_COMPILER_APPICON_NAME = AppIcon;
				INFOPLIST_FILE = WebviewDEMO/Info.plist;
				LD_RUNPATH_SEARCH_PATHS = "$(inherited) @executable_path/Frameworks";
				PRODUCT_NAME = "$(TARGET_NAME)";
			};
			name = Debug;
		};
		64B4BFBA1B2568CE008042A6 /* Release */ = {
			isa = XCBuildConfiguration;
			buildSettings = {
				ASSETCATALOG_COMPILER_APPICON_NAME = AppIcon;
				INFOPLIST_FILE = WebviewDEMO/Info.plist;
				LD_RUNPATH_SEARCH_PATHS = "$(inherited) @executable_path/Frameworks";
				PRODUCT_NAME = "$(TARGET_NAME)";
			};
			name = Release;
		};
		64B4BFBC1B2568CE008042A6 /* Debug */ = {
			isa = XCBuildConfiguration;
			buildSettings = {
				BUNDLE_LOADER = "$(TEST_HOST)";
				FRAMEWORK_SEARCH_PATHS = (
					"$(SDKROOT)/Developer/Library/Frameworks",
					"$(inherited)",
				);
				GCC_PREPROCESSOR_DEFINITIONS = (
					"DEBUG=1",
					"$(inherited)",
				);
				INFOPLIST_FILE = WebviewDEMOTests/Info.plist;
				LD_RUNPATH_SEARCH_PATHS = "$(inherited) @executable_path/Frameworks @loader_path/Frameworks";
				PRODUCT_NAME = "$(TARGET_NAME)";
				TEST_HOST = "$(BUILT_PRODUCTS_DIR)/WebviewDEMO.app/WebviewDEMO";
			};
			name = Debug;
		};
		64B4BFBD1B2568CE008042A6 /* Release */ = {
			isa = XCBuildConfiguration;
			buildSettings = {
				BUNDLE_LOADER = "$(TEST_HOST)";
				FRAMEWORK_SEARCH_PATHS = (
					"$(SDKROOT)/Developer/Library/Frameworks",
					"$(inherited)",
				);
				INFOPLIST_FILE = WebviewDEMOTests/Info.plist;
				LD_RUNPATH_SEARCH_PATHS = "$(inherited) @executable_path/Frameworks @loader_path/Frameworks";
				PRODUCT_NAME = "$(TARGET_NAME)";
				TEST_HOST = "$(BUILT_PRODUCTS_DIR)/WebviewDEMO.app/WebviewDEMO";
			};
			name = Release;
		};
/* End XCBuildConfiguration section */

/* Begin XCConfigurationList section */
		64B4BF901B2568CD008042A6 /* Build configuration list for PBXProject "WebviewDEMO" */ = {
			isa = XCConfigurationList;
			buildConfigurations = (
				64B4BFB61B2568CE008042A6 /* Debug */,
				64B4BFB71B2568CE008042A6 /* Release */,
			);
			defaultConfigurationIsVisible = 0;
			defaultConfigurationName = Release;
		};
		64B4BFB81B2568CE008042A6 /* Build configuration list for PBXNativeTarget "WebviewDEMO" */ = {
			isa = XCConfigurationList;
			buildConfigurations = (
				64B4BFB91B2568CE008042A6 /* Debug */,
				64B4BFBA1B2568CE008042A6 /* Release */,
			);
			defaultConfigurationIsVisible = 0;
		};
		64B4BFBB1B2568CE008042A6 /* Build configuration list for PBXNativeTarget "WebviewDEMOTests" */ = {
			isa = XCConfigurationList;
			buildConfigurations = (
				64B4BFBC1B2568CE008042A6 /* Debug */,
				64B4BFBD1B2568CE008042A6 /* Release */,
			);
			defaultConfigurationIsVisible = 0;
		};
/* End XCConfigurationList section */
	};
	rootObject = 64B4BF8D1B2568CD008042A6 /* Project object */;
}
